// !$*UTF8*$!
{
	archiveVersion = 1;
	classes = {
	};
	objectVersion = 50;
	objects = {

/* Begin PBXBuildFile section */
		2C1664BD21AEB39A001AE53B /* AppDelegate.swift in Sources */ = {isa = PBXBuildFile; fileRef = 2C1664BC21AEB39A001AE53B /* AppDelegate.swift */; };
		2C1664C421AEB39C001AE53B /* Assets.xcassets in Resources */ = {isa = PBXBuildFile; fileRef = 2C1664C321AEB39C001AE53B /* Assets.xcassets */; };
		2C1664C721AEB39C001AE53B /* LaunchScreen.storyboard in Resources */ = {isa = PBXBuildFile; fileRef = 2C1664C521AEB39C001AE53B /* LaunchScreen.storyboard */; };
		2C1664D221AEB39C001AE53B /* WakuTests.swift in Sources */ = {isa = PBXBuildFile; fileRef = 2C1664D121AEB39C001AE53B /* WakuTests.swift */; };
		2C1664DD21AEB39C001AE53B /* WakuUITests.swift in Sources */ = {isa = PBXBuildFile; fileRef = 2C1664DC21AEB39C001AE53B /* WakuUITests.swift */; };
		2C34E25A21AEC08100C01A2F /* DisplayViewController.swift in Sources */ = {isa = PBXBuildFile; fileRef = 2C34E25921AEC08100C01A2F /* DisplayViewController.swift */; };
		2C34E25C21AEC5C300C01A2F /* TabBarController.swift in Sources */ = {isa = PBXBuildFile; fileRef = 2C34E25B21AEC5C300C01A2F /* TabBarController.swift */; };
		2C34E25E21AEC75000C01A2F /* DisplayView.swift in Sources */ = {isa = PBXBuildFile; fileRef = 2C34E25D21AEC75000C01A2F /* DisplayView.swift */; };
/* End PBXBuildFile section */

/* Begin PBXContainerItemProxy section */
		2C1664CE21AEB39C001AE53B /* PBXContainerItemProxy */ = {
			isa = PBXContainerItemProxy;
			containerPortal = 2C1664B121AEB39A001AE53B /* Project object */;
			proxyType = 1;
			remoteGlobalIDString = 2C1664B821AEB39A001AE53B;
			remoteInfo = Waku;
		};
		2C1664D921AEB39C001AE53B /* PBXContainerItemProxy */ = {
			isa = PBXContainerItemProxy;
			containerPortal = 2C1664B121AEB39A001AE53B /* Project object */;
			proxyType = 1;
			remoteGlobalIDString = 2C1664B821AEB39A001AE53B;
			remoteInfo = Waku;
		};
/* End PBXContainerItemProxy section */

/* Begin PBXFileReference section */
		2C1664B921AEB39A001AE53B /* Waku.app */ = {isa = PBXFileReference; explicitFileType = wrapper.application; includeInIndex = 0; path = Waku.app; sourceTree = BUILT_PRODUCTS_DIR; };
		2C1664BC21AEB39A001AE53B /* AppDelegate.swift */ = {isa = PBXFileReference; lastKnownFileType = sourcecode.swift; path = AppDelegate.swift; sourceTree = "<group>"; };
		2C1664C321AEB39C001AE53B /* Assets.xcassets */ = {isa = PBXFileReference; lastKnownFileType = folder.assetcatalog; path = Assets.xcassets; sourceTree = "<group>"; };
		2C1664C621AEB39C001AE53B /* Base */ = {isa = PBXFileReference; lastKnownFileType = file.storyboard; name = Base; path = Base.lproj/LaunchScreen.storyboard; sourceTree = "<group>"; };
		2C1664C821AEB39C001AE53B /* Info.plist */ = {isa = PBXFileReference; lastKnownFileType = text.plist.xml; path = Info.plist; sourceTree = "<group>"; };
		2C1664CD21AEB39C001AE53B /* WakuTests.xctest */ = {isa = PBXFileReference; explicitFileType = wrapper.cfbundle; includeInIndex = 0; path = WakuTests.xctest; sourceTree = BUILT_PRODUCTS_DIR; };
		2C1664D121AEB39C001AE53B /* WakuTests.swift */ = {isa = PBXFileReference; lastKnownFileType = sourcecode.swift; path = WakuTests.swift; sourceTree = "<group>"; };
		2C1664D321AEB39C001AE53B /* Info.plist */ = {isa = PBXFileReference; lastKnownFileType = text.plist.xml; path = Info.plist; sourceTree = "<group>"; };
		2C1664D821AEB39C001AE53B /* WakuUITests.xctest */ = {isa = PBXFileReference; explicitFileType = wrapper.cfbundle; includeInIndex = 0; path = WakuUITests.xctest; sourceTree = BUILT_PRODUCTS_DIR; };
		2C1664DC21AEB39C001AE53B /* WakuUITests.swift */ = {isa = PBXFileReference; lastKnownFileType = sourcecode.swift; path = WakuUITests.swift; sourceTree = "<group>"; };
		2C1664DE21AEB39C001AE53B /* Info.plist */ = {isa = PBXFileReference; lastKnownFileType = text.plist.xml; path = Info.plist; sourceTree = "<group>"; };
		2C34E25921AEC08100C01A2F /* DisplayViewController.swift */ = {isa = PBXFileReference; lastKnownFileType = sourcecode.swift; path = DisplayViewController.swift; sourceTree = "<group>"; };
		2C34E25B21AEC5C300C01A2F /* TabBarController.swift */ = {isa = PBXFileReference; lastKnownFileType = sourcecode.swift; path = TabBarController.swift; sourceTree = "<group>"; };
		2C34E25D21AEC75000C01A2F /* DisplayView.swift */ = {isa = PBXFileReference; lastKnownFileType = sourcecode.swift; path = DisplayView.swift; sourceTree = "<group>"; };
/* End PBXFileReference section */

/* Begin PBXFrameworksBuildPhase section */
		2C1664B621AEB39A001AE53B /* Frameworks */ = {
			isa = PBXFrameworksBuildPhase;
			buildActionMask = 2147483647;
			files = (
			);
			runOnlyForDeploymentPostprocessing = 0;
		};
		2C1664CA21AEB39C001AE53B /* Frameworks */ = {
			isa = PBXFrameworksBuildPhase;
			buildActionMask = 2147483647;
			files = (
			);
			runOnlyForDeploymentPostprocessing = 0;
		};
		2C1664D521AEB39C001AE53B /* Frameworks */ = {
			isa = PBXFrameworksBuildPhase;
			buildActionMask = 2147483647;
			files = (
			);
			runOnlyForDeploymentPostprocessing = 0;
		};
/* End PBXFrameworksBuildPhase section */

/* Begin PBXGroup section */
		2C1664B021AEB39A001AE53B = {
			isa = PBXGroup;
			children = (
				2C1664BB21AEB39A001AE53B /* Waku */,
				2C1664D021AEB39C001AE53B /* WakuTests */,
				2C1664DB21AEB39C001AE53B /* WakuUITests */,
				2C1664BA21AEB39A001AE53B /* Products */,
			);
			sourceTree = "<group>";
		};
		2C1664BA21AEB39A001AE53B /* Products */ = {
			isa = PBXGroup;
			children = (
				2C1664B921AEB39A001AE53B /* Waku.app */,
				2C1664CD21AEB39C001AE53B /* WakuTests.xctest */,
				2C1664D821AEB39C001AE53B /* WakuUITests.xctest */,
			);
			name = Products;
			sourceTree = "<group>";
		};
		2C1664BB21AEB39A001AE53B /* Waku */ = {
			isa = PBXGroup;
			children = (
				2C34E25821AEBE3900C01A2F /* Display */,
				2C34E25721AEBD3800C01A2F /* Menu */,
				2C1664BC21AEB39A001AE53B /* AppDelegate.swift */,
				2C1664C321AEB39C001AE53B /* Assets.xcassets */,
				2C1664C521AEB39C001AE53B /* LaunchScreen.storyboard */,
				2C1664C821AEB39C001AE53B /* Info.plist */,
			);
			path = Waku;
			sourceTree = "<group>";
		};
		2C1664D021AEB39C001AE53B /* WakuTests */ = {
			isa = PBXGroup;
			children = (
				2C1664D121AEB39C001AE53B /* WakuTests.swift */,
				2C1664D321AEB39C001AE53B /* Info.plist */,
			);
			path = WakuTests;
			sourceTree = "<group>";
		};
		2C1664DB21AEB39C001AE53B /* WakuUITests */ = {
			isa = PBXGroup;
			children = (
				2C1664DC21AEB39C001AE53B /* WakuUITests.swift */,
				2C1664DE21AEB39C001AE53B /* Info.plist */,
			);
			path = WakuUITests;
			sourceTree = "<group>";
		};
		2C34E25721AEBD3800C01A2F /* Menu */ = {
			isa = PBXGroup;
			children = (
				2C34E25B21AEC5C300C01A2F /* TabBarController.swift */,
			);
			path = Menu;
			sourceTree = "<group>";
		};
		2C34E25821AEBE3900C01A2F /* Display */ = {
			isa = PBXGroup;
			children = (
				2C34E25921AEC08100C01A2F /* DisplayViewController.swift */,
				2C34E25D21AEC75000C01A2F /* DisplayView.swift */,
			);
			path = Display;
			sourceTree = "<group>";
		};
/* End PBXGroup section */

/* Begin PBXNativeTarget section */
		2C1664B821AEB39A001AE53B /* Waku */ = {
			isa = PBXNativeTarget;
			buildConfigurationList = 2C1664E121AEB39C001AE53B /* Build configuration list for PBXNativeTarget "Waku" */;
			buildPhases = (
				2C1664B521AEB39A001AE53B /* Sources */,
				2C1664B621AEB39A001AE53B /* Frameworks */,
				2C1664B721AEB39A001AE53B /* Resources */,
			);
			buildRules = (
			);
			dependencies = (
			);
			name = Waku;
			productName = Waku;
			productReference = 2C1664B921AEB39A001AE53B /* Waku.app */;
			productType = "com.apple.product-type.application";
		};
		2C1664CC21AEB39C001AE53B /* WakuTests */ = {
			isa = PBXNativeTarget;
			buildConfigurationList = 2C1664E421AEB39C001AE53B /* Build configuration list for PBXNativeTarget "WakuTests" */;
			buildPhases = (
				2C1664C921AEB39C001AE53B /* Sources */,
				2C1664CA21AEB39C001AE53B /* Frameworks */,
				2C1664CB21AEB39C001AE53B /* Resources */,
			);
			buildRules = (
			);
			dependencies = (
				2C1664CF21AEB39C001AE53B /* PBXTargetDependency */,
			);
			name = WakuTests;
			productName = WakuTests;
			productReference = 2C1664CD21AEB39C001AE53B /* WakuTests.xctest */;
			productType = "com.apple.product-type.bundle.unit-test";
		};
		2C1664D721AEB39C001AE53B /* WakuUITests */ = {
			isa = PBXNativeTarget;
			buildConfigurationList = 2C1664E721AEB39C001AE53B /* Build configuration list for PBXNativeTarget "WakuUITests" */;
			buildPhases = (
				2C1664D421AEB39C001AE53B /* Sources */,
				2C1664D521AEB39C001AE53B /* Frameworks */,
				2C1664D621AEB39C001AE53B /* Resources */,
			);
			buildRules = (
			);
			dependencies = (
				2C1664DA21AEB39C001AE53B /* PBXTargetDependency */,
			);
			name = WakuUITests;
			productName = WakuUITests;
			productReference = 2C1664D821AEB39C001AE53B /* WakuUITests.xctest */;
			productType = "com.apple.product-type.bundle.ui-testing";
		};
/* End PBXNativeTarget section */

/* Begin PBXProject section */
		2C1664B121AEB39A001AE53B /* Project object */ = {
			isa = PBXProject;
			attributes = {
				LastSwiftUpdateCheck = 1010;
				LastUpgradeCheck = 1010;
				ORGANIZATIONNAME = "Mitsuaki Ihara";
				TargetAttributes = {
					2C1664B821AEB39A001AE53B = {
						CreatedOnToolsVersion = 10.1;
						LastSwiftMigration = 1170;
					};
					2C1664CC21AEB39C001AE53B = {
						CreatedOnToolsVersion = 10.1;
						LastSwiftMigration = 1170;
						TestTargetID = 2C1664B821AEB39A001AE53B;
					};
					2C1664D721AEB39C001AE53B = {
						CreatedOnToolsVersion = 10.1;
						LastSwiftMigration = 1170;
						TestTargetID = 2C1664B821AEB39A001AE53B;
					};
				};
			};
			buildConfigurationList = 2C1664B421AEB39A001AE53B /* Build configuration list for PBXProject "Waku" */;
			compatibilityVersion = "Xcode 9.3";
			developmentRegion = en;
			hasScannedForEncodings = 0;
			knownRegions = (
				en,
				Base,
			);
			mainGroup = 2C1664B021AEB39A001AE53B;
			productRefGroup = 2C1664BA21AEB39A001AE53B /* Products */;
			projectDirPath = "";
			projectRoot = "";
			targets = (
				2C1664B821AEB39A001AE53B /* Waku */,
				2C1664CC21AEB39C001AE53B /* WakuTests */,
				2C1664D721AEB39C001AE53B /* WakuUITests */,
			);
		};
/* End PBXProject section */

/* Begin PBXResourcesBuildPhase section */
		2C1664B721AEB39A001AE53B /* Resources */ = {
			isa = PBXResourcesBuildPhase;
			buildActionMask = 2147483647;
			files = (
				2C1664C721AEB39C001AE53B /* LaunchScreen.storyboard in Resources */,
				2C1664C421AEB39C001AE53B /* Assets.xcassets in Resources */,
			);
			runOnlyForDeploymentPostprocessing = 0;
		};
		2C1664CB21AEB39C001AE53B /* Resources */ = {
			isa = PBXResourcesBuildPhase;
			buildActionMask = 2147483647;
			files = (
			);
			runOnlyForDeploymentPostprocessing = 0;
		};
		2C1664D621AEB39C001AE53B /* Resources */ = {
			isa = PBXResourcesBuildPhase;
			buildActionMask = 2147483647;
			files = (
			);
			runOnlyForDeploymentPostprocessing = 0;
		};
/* End PBXResourcesBuildPhase section */

/* Begin PBXSourcesBuildPhase section */
		2C1664B521AEB39A001AE53B /* Sources */ = {
			isa = PBXSourcesBuildPhase;
			buildActionMask = 2147483647;
			files = (
				2C34E25C21AEC5C300C01A2F /* TabBarController.swift in Sources */,
				2C34E25E21AEC75000C01A2F /* DisplayView.swift in Sources */,
				2C34E25A21AEC08100C01A2F /* DisplayViewController.swift in Sources */,
				2C1664BD21AEB39A001AE53B /* AppDelegate.swift in Sources */,
			);
			runOnlyForDeploymentPostprocessing = 0;
		};
		2C1664C921AEB39C001AE53B /* Sources */ = {
			isa = PBXSourcesBuildPhase;
			buildActionMask = 2147483647;
			files = (
				2C1664D221AEB39C001AE53B /* WakuTests.swift in Sources */,
			);
			runOnlyForDeploymentPostprocessing = 0;
		};
		2C1664D421AEB39C001AE53B /* Sources */ = {
			isa = PBXSourcesBuildPhase;
			buildActionMask = 2147483647;
			files = (
				2C1664DD21AEB39C001AE53B /* WakuUITests.swift in Sources */,
			);
			runOnlyForDeploymentPostprocessing = 0;
		};
/* End PBXSourcesBuildPhase section */

/* Begin PBXTargetDependency section */
		2C1664CF21AEB39C001AE53B /* PBXTargetDependency */ = {
			isa = PBXTargetDependency;
			target = 2C1664B821AEB39A001AE53B /* Waku */;
			targetProxy = 2C1664CE21AEB39C001AE53B /* PBXContainerItemProxy */;
		};
		2C1664DA21AEB39C001AE53B /* PBXTargetDependency */ = {
			isa = PBXTargetDependency;
			target = 2C1664B821AEB39A001AE53B /* Waku */;
			targetProxy = 2C1664D921AEB39C001AE53B /* PBXContainerItemProxy */;
		};
/* End PBXTargetDependency section */

/* Begin PBXVariantGroup section */
		2C1664C521AEB39C001AE53B /* LaunchScreen.storyboard */ = {
			isa = PBXVariantGroup;
			children = (
				2C1664C621AEB39C001AE53B /* Base */,
			);
			name = LaunchScreen.storyboard;
			sourceTree = "<group>";
		};
/* End PBXVariantGroup section */

/* Begin XCBuildConfiguration section */
		2C1664DF21AEB39C001AE53B /* Debug */ = {
			isa = XCBuildConfiguration;
			buildSettings = {
				ALWAYS_SEARCH_USER_PATHS = NO;
				CLANG_ANALYZER_NONNULL = YES;
				CLANG_ANALYZER_NUMBER_OBJECT_CONVERSION = YES_AGGRESSIVE;
				CLANG_CXX_LANGUAGE_STANDARD = "gnu++14";
				CLANG_CXX_LIBRARY = "libc++";
				CLANG_ENABLE_MODULES = YES;
				CLANG_ENABLE_OBJC_ARC = YES;
				CLANG_ENABLE_OBJC_WEAK = YES;
				CLANG_WARN_BLOCK_CAPTURE_AUTORELEASING = YES;
				CLANG_WARN_BOOL_CONVERSION = YES;
				CLANG_WARN_COMMA = YES;
				CLANG_WARN_CONSTANT_CONVERSION = YES;
				CLANG_WARN_DEPRECATED_OBJC_IMPLEMENTATIONS = YES;
				CLANG_WARN_DIRECT_OBJC_ISA_USAGE = YES_ERROR;
				CLANG_WARN_DOCUMENTATION_COMMENTS = YES;
				CLANG_WARN_EMPTY_BODY = YES;
				CLANG_WARN_ENUM_CONVERSION = YES;
				CLANG_WARN_INFINITE_RECURSION = YES;
				CLANG_WARN_INT_CONVERSION = YES;
				CLANG_WARN_NON_LITERAL_NULL_CONVERSION = YES;
				CLANG_WARN_OBJC_IMPLICIT_RETAIN_SELF = YES;
				CLANG_WARN_OBJC_LITERAL_CONVERSION = YES;
				CLANG_WARN_OBJC_ROOT_CLASS = YES_ERROR;
				CLANG_WARN_RANGE_LOOP_ANALYSIS = YES;
				CLANG_WARN_STRICT_PROTOTYPES = YES;
				CLANG_WARN_SUSPICIOUS_MOVE = YES;
				CLANG_WARN_UNGUARDED_AVAILABILITY = YES_AGGRESSIVE;
				CLANG_WARN_UNREACHABLE_CODE = YES;
				CLANG_WARN__DUPLICATE_METHOD_MATCH = YES;
				CODE_SIGN_IDENTITY = "iPhone Developer";
				COPY_PHASE_STRIP = NO;
				DEBUG_INFORMATION_FORMAT = dwarf;
				ENABLE_STRICT_OBJC_MSGSEND = YES;
				ENABLE_TESTABILITY = YES;
				GCC_C_LANGUAGE_STANDARD = gnu11;
				GCC_DYNAMIC_NO_PIC = NO;
				GCC_NO_COMMON_BLOCKS = YES;
				GCC_OPTIMIZATION_LEVEL = 0;
				GCC_PREPROCESSOR_DEFINITIONS = (
					"DEBUG=1",
					"$(inherited)",
				);
				GCC_WARN_64_TO_32_BIT_CONVERSION = YES;
				GCC_WARN_ABOUT_RETURN_TYPE = YES_ERROR;
				GCC_WARN_UNDECLARED_SELECTOR = YES;
				GCC_WARN_UNINITIALIZED_AUTOS = YES_AGGRESSIVE;
				GCC_WARN_UNUSED_FUNCTION = YES;
				GCC_WARN_UNUSED_VARIABLE = YES;
				IPHONEOS_DEPLOYMENT_TARGET = 12.1;
				MTL_ENABLE_DEBUG_INFO = INCLUDE_SOURCE;
				MTL_FAST_MATH = YES;
				ONLY_ACTIVE_ARCH = YES;
				SDKROOT = iphoneos;
				SWIFT_ACTIVE_COMPILATION_CONDITIONS = DEBUG;
				SWIFT_OPTIMIZATION_LEVEL = "-Onone";
			};
			name = Debug;
		};
		2C1664E021AEB39C001AE53B /* Release */ = {
			isa = XCBuildConfiguration;
			buildSettings = {
				ALWAYS_SEARCH_USER_PATHS = NO;
				CLANG_ANALYZER_NONNULL = YES;
				CLANG_ANALYZER_NUMBER_OBJECT_CONVERSION = YES_AGGRESSIVE;
				CLANG_CXX_LANGUAGE_STANDARD = "gnu++14";
				CLANG_CXX_LIBRARY = "libc++";
				CLANG_ENABLE_MODULES = YES;
				CLANG_ENABLE_OBJC_ARC = YES;
				CLANG_ENABLE_OBJC_WEAK = YES;
				CLANG_WARN_BLOCK_CAPTURE_AUTORELEASING = YES;
				CLANG_WARN_BOOL_CONVERSION = YES;
				CLANG_WARN_COMMA = YES;
				CLANG_WARN_CONSTANT_CONVERSION = YES;
				CLANG_WARN_DEPRECATED_OBJC_IMPLEMENTATIONS = YES;
				CLANG_WARN_DIRECT_OBJC_ISA_USAGE = YES_ERROR;
				CLANG_WARN_DOCUMENTATION_COMMENTS = YES;
				CLANG_WARN_EMPTY_BODY = YES;
				CLANG_WARN_ENUM_CONVERSION = YES;
				CLANG_WARN_INFINITE_RECURSION = YES;
				CLANG_WARN_INT_CONVERSION = YES;
				CLANG_WARN_NON_LITERAL_NULL_CONVERSION = YES;
				CLANG_WARN_OBJC_IMPLICIT_RETAIN_SELF = YES;
				CLANG_WARN_OBJC_LITERAL_CONVERSION = YES;
				CLANG_WARN_OBJC_ROOT_CLASS = YES_ERROR;
				CLANG_WARN_RANGE_LOOP_ANALYSIS = YES;
				CLANG_WARN_STRICT_PROTOTYPES = YES;
				CLANG_WARN_SUSPICIOUS_MOVE = YES;
				CLANG_WARN_UNGUARDED_AVAILABILITY = YES_AGGRESSIVE;
				CLANG_WARN_UNREACHABLE_CODE = YES;
				CLANG_WARN__DUPLICATE_METHOD_MATCH = YES;
				CODE_SIGN_IDENTITY = "iPhone Developer";
				COPY_PHASE_STRIP = NO;
				DEBUG_INFORMATION_FORMAT = "dwarf-with-dsym";
				ENABLE_NS_ASSERTIONS = NO;
				ENABLE_STRICT_OBJC_MSGSEND = YES;
				GCC_C_LANGUAGE_STANDARD = gnu11;
				GCC_NO_COMMON_BLOCKS = YES;
				GCC_WARN_64_TO_32_BIT_CONVERSION = YES;
				GCC_WARN_ABOUT_RETURN_TYPE = YES_ERROR;
				GCC_WARN_UNDECLARED_SELECTOR = YES;
				GCC_WARN_UNINITIALIZED_AUTOS = YES_AGGRESSIVE;
				GCC_WARN_UNUSED_FUNCTION = YES;
				GCC_WARN_UNUSED_VARIABLE = YES;
				IPHONEOS_DEPLOYMENT_TARGET = 12.1;
				MTL_ENABLE_DEBUG_INFO = NO;
				MTL_FAST_MATH = YES;
				SDKROOT = iphoneos;
				SWIFT_COMPILATION_MODE = wholemodule;
				SWIFT_OPTIMIZATION_LEVEL = "-O";
				VALIDATE_PRODUCT = YES;
			};
			name = Release;
		};
		2C1664E221AEB39C001AE53B /* Debug */ = {
			isa = XCBuildConfiguration;
			buildSettings = {
				ASSETCATALOG_COMPILER_APPICON_NAME = AppIcon;
				CODE_SIGN_STYLE = Automatic;
				INFOPLIST_FILE = Waku/Info.plist;
				LD_RUNPATH_SEARCH_PATHS = (
					"$(inherited)",
					"@executable_path/Frameworks",
				);
				PRODUCT_BUNDLE_IDENTIFIER = com.mitsuaki1229.Waku;
				PRODUCT_NAME = "$(TARGET_NAME)";
				SWIFT_VERSION = 5.0;
				TARGETED_DEVICE_FAMILY = "1,2";
			};
			name = Debug;
		};
		2C1664E321AEB39C001AE53B /* Release */ = {
			isa = XCBuildConfiguration;
			buildSettings = {
				ASSETCATALOG_COMPILER_APPICON_NAME = AppIcon;
				CODE_SIGN_STYLE = Automatic;
				INFOPLIST_FILE = Waku/Info.plist;
				LD_RUNPATH_SEARCH_PATHS = (
					"$(inherited)",
					"@executable_path/Frameworks",
				);
				PRODUCT_BUNDLE_IDENTIFIER = com.mitsuaki1229.Waku;
				PRODUCT_NAME = "$(TARGET_NAME)";
				SWIFT_VERSION = 5.0;
				TARGETED_DEVICE_FAMILY = "1,2";
			};
			name = Release;
		};
		2C1664E521AEB39C001AE53B /* Debug */ = {
			isa = XCBuildConfiguration;
			buildSettings = {
				ALWAYS_EMBED_SWIFT_STANDARD_LIBRARIES = YES;
				BUNDLE_LOADER = "$(TEST_HOST)";
				CODE_SIGN_STYLE = Automatic;
				INFOPLIST_FILE = WakuTests/Info.plist;
				LD_RUNPATH_SEARCH_PATHS = (
					"$(inherited)",
					"@executable_path/Frameworks",
					"@loader_path/Frameworks",
				);
				PRODUCT_BUNDLE_IDENTIFIER = com.mitsuaki1229.WakuTests;
				PRODUCT_NAME = "$(TARGET_NAME)";
				SWIFT_VERSION = 5.0;
				TARGETED_DEVICE_FAMILY = "1,2";
				TEST_HOST = "$(BUILT_PRODUCTS_DIR)/Waku.app/Waku";
			};
			name = Debug;
		};
		2C1664E621AEB39C001AE53B /* Release */ = {
			isa = XCBuildConfiguration;
			buildSettings = {
				ALWAYS_EMBED_SWIFT_STANDARD_LIBRARIES = YES;
				BUNDLE_LOADER = "$(TEST_HOST)";
				CODE_SIGN_STYLE = Automatic;
				INFOPLIST_FILE = WakuTests/Info.plist;
				LD_RUNPATH_SEARCH_PATHS = (
					"$(inherited)",
					"@executable_path/Frameworks",
					"@loader_path/Frameworks",
				);
				PRODUCT_BUNDLE_IDENTIFIER = com.mitsuaki1229.WakuTests;
				PRODUCT_NAME = "$(TARGET_NAME)";
				SWIFT_VERSION = 5.0;
				TARGETED_DEVICE_FAMILY = "1,2";
				TEST_HOST = "$(BUILT_PRODUCTS_DIR)/Waku.app/Waku";
			};
			name = Release;
		};
		2C1664E821AEB39C001AE53B /* Debug */ = {
			isa = XCBuildConfiguration;
			buildSettings = {
				ALWAYS_EMBED_SWIFT_STANDARD_LIBRARIES = YES;
				CODE_SIGN_STYLE = Automatic;
				INFOPLIST_FILE = WakuUITests/Info.plist;
				LD_RUNPATH_SEARCH_PATHS = (
					"$(inherited)",
					"@executable_path/Frameworks",
					"@loader_path/Frameworks",
				);
				PRODUCT_BUNDLE_IDENTIFIER = com.mitsuaki1229.WakuUITests;
				PRODUCT_NAME = "$(TARGET_NAME)";
				SWIFT_VERSION = 5.0;
				TARGETED_DEVICE_FAMILY = "1,2";
				TEST_TARGET_NAME = Waku;
			};
			name = Debug;
		};
		2C1664E921AEB39C001AE53B /* Release */ = {
			isa = XCBuildConfiguration;
			buildSettings = {
				ALWAYS_EMBED_SWIFT_STANDARD_LIBRARIES = YES;
				CODE_SIGN_STYLE = Automatic;
				INFOPLIST_FILE = WakuUITests/Info.plist;
				LD_RUNPATH_SEARCH_PATHS = (
					"$(inherited)",
					"@executable_path/Frameworks",
					"@loader_path/Frameworks",
				);
				PRODUCT_BUNDLE_IDENTIFIER = com.mitsuaki1229.WakuUITests;
				PRODUCT_NAME = "$(TARGET_NAME)";
				SWIFT_VERSION = 5.0;
				TARGETED_DEVICE_FAMILY = "1,2";
				TEST_TARGET_NAME = Waku;
			};
			name = Release;
		};
/* End XCBuildConfiguration section */

/* Begin XCConfigurationList section */
		2C1664B421AEB39A001AE53B /* Build configuration list for PBXProject "Waku" */ = {
			isa = XCConfigurationList;
			buildConfigurations = (
				2C1664DF21AEB39C001AE53B /* Debug */,
				2C1664E021AEB39C001AE53B /* Release */,
			);
			defaultConfigurationIsVisible = 0;
			defaultConfigurationName = Release;
		};
		2C1664E121AEB39C001AE53B /* Build configuration list for PBXNativeTarget "Waku" */ = {
			isa = XCConfigurationList;
			buildConfigurations = (
				2C1664E221AEB39C001AE53B /* Debug */,
				2C1664E321AEB39C001AE53B /* Release */,
			);
			defaultConfigurationIsVisible = 0;
			defaultConfigurationName = Release;
		};
		2C1664E421AEB39C001AE53B /* Build configuration list for PBXNativeTarget "WakuTests" */ = {
			isa = XCConfigurationList;
			buildConfigurations = (
				2C1664E521AEB39C001AE53B /* Debug */,
				2C1664E621AEB39C001AE53B /* Release */,
			);
			defaultConfigurationIsVisible = 0;
			defaultConfigurationName = Release;
		};
		2C1664E721AEB39C001AE53B /* Build configuration list for PBXNativeTarget "WakuUITests" */ = {
			isa = XCConfigurationList;
			buildConfigurations = (
				2C1664E821AEB39C001AE53B /* Debug */,
				2C1664E921AEB39C001AE53B /* Release */,
			);
			defaultConfigurationIsVisible = 0;
			defaultConfigurationName = Release;
		};
/* End XCConfigurationList section */
	};
	rootObject = 2C1664B121AEB39A001AE53B /* Project object */;
}
